
Microsoft Visual Studio Solution File, Format Version 12.00
# Visual Studio Version 17
VisualStudioVersion = 17.0.31919.166
MinimumVisualStudioVersion = 10.0.40219.1
Project("{FAE04EC0-301F-11D3-BF4B-00C04F79EFBC}") = "WpfApp3", "WpfApp3.csproj", "{130895C8-807E-4050-B7C7-436A46EE0274}"
EndProject
Global
	GlobalSection(SolutionConfigurationPlatforms) = preSolution
		Debug|Any CPU = Debug|Any CPU
		Release|Any CPU = Release|Any CPU
	EndGlobalSection
	GlobalSection(ProjectConfigurationPlatforms) = postSolution
		{130895C8-807E-4050-B7C7-436A46EE0274}.Debug|Any CPU.ActiveCfg = Debug|Any CPU
		{130895C8-807E-4050-B7C7-436A46EE0274}.Debug|Any CPU.Build.0 = Debug|Any CPU
		{130895C8-807E-4050-B7C7-436A46EE0274}.Release|Any CPU.ActiveCfg = Release|Any CPU
		{130895C8-807E-4050-B7C7-436A46EE0274}.Release|Any CPU.Build.0 = Release|Any CPU
	EndGlobalSection
	GlobalSection(SolutionProperties) = preSolution
		HideSolutionNode = FALSE
	EndGlobalSection
	GlobalSection(ExtensibilityGlobals) = postSolution
		SolutionGuid = {1AE21DBD-88B7-4654-8B0D-E2BD85272773}
	EndGlobalSection
EndGlobal
